dependencies:
- name: opensearch
  repository: https://opensearch-project.github.io/helm-charts/
  version: 2.13.1
- name: dex
  repository: https://charts.dexidp.io/
  version: 0.14.2
- name: minio
  repository: https://charts.min.io/
  version: 5.0.11
- name: rabbitmq
  repository: https://charts.bitnami.com/bitnami/
  version: 12.0.10
- name: mysql
  repository: https://charts.bitnami.com/bitnami/
  version: 9.11.0
- name: cert-manager-issuer
  repository: ""
  version: '*.*.*'
digest: sha256:b2ef13463eaf9b1e71581ee09e62c39b9250aee5b5b628311311720a98f842a5
generated: "2024-04-09T11:48:12.063323388+02:00"
